
Microsoft Visual Studio Solution File, Format Version 12.00
# Visual Studio Version 16
VisualStudioVersion = 16.0.30517.126
MinimumVisualStudioVersion = 10.0.40219.1
Project("{FAE04EC0-301F-11D3-BF4B-00C04F79EFBC}") = "AppQuanLyPK", "AppQuanLyPK\AppQuanLyPK.csproj", "{24394722-6401-4B9B-B96E-280FC35D1FB0}"
EndProject
Global
	GlobalSection(SolutionConfigurationPlatforms) = preSolution
		Debug|Any CPU = Debug|Any CPU
		Release|Any CPU = Release|Any CPU
	EndGlobalSection
	GlobalSection(ProjectConfigurationPlatforms) = postSolution
		{24394722-6401-4B9B-B96E-280FC35D1FB0}.Debug|Any CPU.ActiveCfg = Debug|Any CPU
		{24394722-6401-4B9B-B96E-280FC35D1FB0}.Debug|Any CPU.Build.0 = Debug|Any CPU
		{24394722-6401-4B9B-B96E-280FC35D1FB0}.Release|Any CPU.ActiveCfg = Release|Any CPU
		{24394722-6401-4B9B-B96E-280FC35D1FB0}.Release|Any CPU.Build.0 = Release|Any CPU
	EndGlobalSection
	GlobalSection(SolutionProperties) = preSolution
		HideSolutionNode = FALSE
	EndGlobalSection
	GlobalSection(ExtensibilityGlobals) = postSolution
		SolutionGuid = {6B04EA71-5365-4CEF-9A63-C823343AD8D9}
	EndGlobalSection
EndGlobal
